<?xml version="1.0" encoding="utf-8"?>
<Project xmlns="http://schemas.microsoft.com/developer/msbuild/2003">
  <ItemGroup>
    <Filter Include="Header Files">
      <UniqueIdentifier>{93995380-89BD-4b04-88EB-625FBE52EBFB}</UniqueIdentifier>
      <Extensions>h;hpp;hxx;hm;inl;inc;xsd</Extensions>
    </Filter>
    <Filter Include="Header Files">
      <UniqueIdentifier>{93995380-89BD-4b04-88EB-625FBE52EBFB}</UniqueIdentifier>
      <Extensions>h;hpp;hxx;hm;inl;inc;xsd</Extensions>
    </Filter>
    <Filter Include="Source Files">
      <UniqueIdentifier>{4FC737F1-C7A5-4376-A066-2A32D752A2FF}</UniqueIdentifier>
      <Extensions>cpp;c;cxx;def;odl;idl;hpj;bat;asm;asmx</Extensions>
    </Filter>
    <Filter Include="Source Files">
      <UniqueIdentifier>{4FC737F1-C7A5-4376-A066-2A32D752A2FF}</UniqueIdentifier>
      <Extensions>cpp;c;cxx;def;odl;idl;hpj;bat;asm;asmx</Extensions>
    </Filter>
  </ItemGroup>
  <ItemGroup>
    <ClCompile Include="..\bicycle_process\Bicycle\Win\Synchronization\AtomicCounter.cpp">
      <Filter>Source Files</Filter>
    </ClCompile>
    <ClCompile Include="..\bicycle_process\Bicycle\Win\Experimental\Encoding.cpp">
      <Filter>Source Files</Filter>
    </ClCompile>
    <ClCompile Include="..\bicycle_process\Bicycle\Win\Process\Environment.cpp">
      <Filter>Source Files</Filter>
    </ClCompile>
    <ClCompile Include="..\bicycle_process\Bicycle\Win\Common\Event.cpp">
      <Filter>Source Files</Filter>
    </ClCompile>
    <ClCompile Include="..\bicycle_process\Bicycle\Win\Common\Exception.cpp">
      <Filter>Source Files</Filter>
    </ClCompile>
    <ClCompile Include="..\bicycle_process\Bicycle\Win\Common\Global.cpp">
      <Filter>Source Files</Filter>
    </ClCompile>
    <ClCompile Include="..\bicycle_process\Bicycle\Win\Process\Pipe.cpp">
      <Filter>Source Files</Filter>
    </ClCompile>
    <ClCompile Include="..\bicycle_process\Bicycle\Win\Process\Process.cpp">
      <Filter>Source Files</Filter>
    </ClCompile>
    <ClCompile Include="..\bicycle_process\Bicycle\Win\Experimental\Thread.cpp">
      <Filter>Source Files</Filter>
    </ClCompile>
    <ClCompile Include="..\bicycle_process\bicycle_process.cpp">
      <Filter>Source Files</Filter>
    </ClCompile>
  </ItemGroup>
  <ItemGroup>
    <ClInclude Include="Bicycle\Win\Synchronization\AtomicCounter.h">
      <Filter>Header Files</Filter>
    </ClInclude>
    <ClInclude Include="Bicycle\Win\Experimental\Encoding.h">
      <Filter>Header Files</Filter>
    </ClInclude>
    <ClInclude Include="Bicycle\Algorithm\Mismatch.h">
      <Filter>Header Files</Filter>
    </ClInclude>
    <ClInclude Include="Bicycle\Win\Process\Pipe.h">
      <Filter>Header Files</Filter>
    </ClInclude>
    <ClInclude Include="Bicycle\Win\Process\Process.h">
      <Filter>Header Files</Filter>
    </ClInclude>
    <ClInclude Include="Bicycle\Win\Experimental\Thread.h">
      <Filter>Header Files</Filter>
    </ClInclude>
    <ClInclude Include="bicycle_process.h">
      <Filter>Header Files</Filter>
    </ClInclude>
  </ItemGroup>
</Project>